{
  "name": "mcode-package",
  "version": "0.1.8",
  "lockfileVersion": 3,
  "requires": true,
  "packages": {
    "": {
      "name": "mcode-package",
      "version": "0.1.8",
      "license": "MIT",
      "dependencies": {
        "mcode-list": "^0.1.2",
        "mcode-log": "^0.1.16"
      }
    },
    "node_modules/mcode-list": {
      "version": "0.1.2",
      "resolved": "https://registry.npmjs.org/mcode-list/-/mcode-list-0.1.2.tgz",
      "integrity": "sha512-pIQp1dYa5TwBZVQWil/s7LM6MF6L+YajnbHQEDS4HgnqsZrkHQZ6bq7cYxDTv225EIrf938oY+8fhb1OEFiXhw==",
      "dependencies": {
        "mcode-log": "^0.1.15"
      }
    },
    "node_modules/mcode-log": {
      "version": "0.1.16",
      "resolved": "https://registry.npmjs.org/mcode-log/-/mcode-log-0.1.16.tgz",
      "integrity": "sha512-ll7q1uTJBblSz3vONt4b9BILaYED2nkNl44xkP0iixDyfM2pZSEVqv8wYPYEszCyK0+jSJ2751LKjj32Xy4Rhg=="
    }
  }
}
