{
    "name": "mcode-package",
    "version": "0.3.0",
    "lockfileVersion": 3,
    "requires": true,
    "packages": {
        "": {
            "name": "mcode-package",
            "version": "0.3.0",
            "license": "MIT",
            "dependencies": {
                "mcode-list": "^0.3.0",
                "mcode-log": "^0.3.0"
            }
        },
        "node_modules/mcode-list": {
            "version": "0.3.0",
            "resolved": "https://registry.npmjs.org/mcode-list/-/mcode-list-0.3.0.tgz",
            "integrity": "sha512-CsaKubLOlNEgtHaqrCvwP9BYkX+OFfz2cXQgLpwI33Vi8sctAVyOh+zerTcAxIenjzecwnAf8MWcG1bNKqPGnQ==",
            "dependencies": {
                "mcode-log": "^0.3.0"
            }
        },
        "node_modules/mcode-log": {
            "version": "0.3.0",
            "resolved": "https://registry.npmjs.org/mcode-log/-/mcode-log-0.3.0.tgz",
            "integrity": "sha512-QFZayzX7NjJ3rJLGH1bU9e6Opfv9J6V3NsASRyK2IYErIEokhcPN6ZPIXof//B7Q2t8MT52bcl3nRL9u4Wa2ZQ=="
        }
    }
}
